lockfileVersion: '9.0'

settings:
  autoInstallPeers: true
  excludeLinksFromLockfile: false

importers:

  .:
    dependencies:
      '@headlessui/react':
        specifier: ^2.2.4
        version: 2.2.4(react-dom@19.1.0(react@19.1.0))(react@19.1.0)
      '@types/react':
        specifier: ^19.1.8
        version: 19.1.8
      '@types/react-dom':
        specifier: ^19.1.6
        version: 19.1.6(@types/react@19.1.8)
      clsx:
        specifier: ^2.1.1
        version: 2.1.1
      react:
        specifier: ^19.1.0
        version: 19.1.0
      react-icons:
        specifier: ^5.5.0
        version: 5.5.0(react@19.1.0)

packages:

  '@floating-ui/core@1.7.1':
    resolution: {integrity: sha512-azI0DrjMMfIug/ExbBaeDVJXcY0a7EPvPjb2xAJPa4HeimBX+Z18HK8QQR3jb6356SnDDdxx+hinMLcJEDdOjw==}

  '@floating-ui/dom@1.7.1':
    resolution: {integrity: sha512-cwsmW/zyw5ltYTUeeYJ60CnQuPqmGwuGVhG9w0PRaRKkAyi38BT5CKrpIbb+jtahSwUl04cWzSx9ZOIxeS6RsQ==}

  '@floating-ui/react-dom@2.1.3':
    resolution: {integrity: sha512-huMBfiU9UnQ2oBwIhgzyIiSpVgvlDstU8CX0AF+wS+KzmYMs0J2a3GwuFHV1Lz+jlrQGeC1fF+Nv0QoumyV0bA==}
    peerDependencies:
      react: '>=16.8.0'
      react-dom: '>=16.8.0'

  '@floating-ui/react@0.26.28':
    resolution: {integrity: sha512-yORQuuAtVpiRjpMhdc0wJj06b9JFjrYF4qp96j++v2NBpbi6SEGF7donUJ3TMieerQ6qVkAv1tgr7L4r5roTqw==}
    peerDependencies:
      react: '>=16.8.0'
      react-dom: '>=16.8.0'

  '@floating-ui/utils@0.2.9':
    resolution: {integrity: sha512-MDWhGtE+eHw5JW7lq4qhc5yRLS11ERl1c7Z6Xd0a58DozHES6EnNNwUWbMiG4J9Cgj053Bhk8zvlhFYKVhULwg==}

  '@headlessui/react@2.2.4':
    resolution: {integrity: sha512-lz+OGcAH1dK93rgSMzXmm1qKOJkBUqZf1L4M8TWLNplftQD3IkoEDdUFNfAn4ylsN6WOTVtWaLmvmaHOUk1dTA==}
    engines: {node: '>=10'}
    peerDependencies:
      react: ^18 || ^19 || ^19.0.0-rc
      react-dom: ^18 || ^19 || ^19.0.0-rc

  '@react-aria/focus@3.20.5':
    resolution: {integrity: sha512-JpFtXmWQ0Oca7FcvkqgjSyo6xEP7v3oQOLUId6o0xTvm4AD5W0mU2r3lYrbhsJ+XxdUUX4AVR5473sZZ85kU4A==}
    peerDependencies:
      react: ^16.8.0 || ^17.0.0-rc.1 || ^18.0.0 || ^19.0.0-rc.1
      react-dom: ^16.8.0 || ^17.0.0-rc.1 || ^18.0.0 || ^19.0.0-rc.1

  '@react-aria/interactions@3.25.3':
    resolution: {integrity: sha512-J1bhlrNtjPS/fe5uJQ+0c7/jiXniwa4RQlP+Emjfc/iuqpW2RhbF9ou5vROcLzWIyaW8tVMZ468J68rAs/aZ5A==}
    peerDependencies:
      react: ^16.8.0 || ^17.0.0-rc.1 || ^18.0.0 || ^19.0.0-rc.1
      react-dom: ^16.8.0 || ^17.0.0-rc.1 || ^18.0.0 || ^19.0.0-rc.1

  '@react-aria/ssr@3.9.9':
    resolution: {integrity: sha512-2P5thfjfPy/np18e5wD4WPt8ydNXhij1jwA8oehxZTFqlgVMGXzcWKxTb4RtJrLFsqPO7RUQTiY8QJk0M4Vy2g==}
    engines: {node: '>= 12'}
    peerDependencies:
      react: ^16.8.0 || ^17.0.0-rc.1 || ^18.0.0 || ^19.0.0-rc.1

  '@react-aria/utils@3.29.1':
    resolution: {integrity: sha512-yXMFVJ73rbQ/yYE/49n5Uidjw7kh192WNN9PNQGV0Xoc7EJUlSOxqhnpHmYTyO0EotJ8fdM1fMH8durHjUSI8g==}
    peerDependencies:
      react: ^16.8.0 || ^17.0.0-rc.1 || ^18.0.0 || ^19.0.0-rc.1
      react-dom: ^16.8.0 || ^17.0.0-rc.1 || ^18.0.0 || ^19.0.0-rc.1

  '@react-stately/flags@3.1.2':
    resolution: {integrity: sha512-2HjFcZx1MyQXoPqcBGALwWWmgFVUk2TuKVIQxCbRq7fPyWXIl6VHcakCLurdtYC2Iks7zizvz0Idv48MQ38DWg==}

  '@react-stately/utils@3.10.7':
    resolution: {integrity: sha512-cWvjGAocvy4abO9zbr6PW6taHgF24Mwy/LbQ4TC4Aq3tKdKDntxyD+sh7AkSRfJRT2ccMVaHVv2+FfHThd3PKQ==}
    peerDependencies:
      react: ^16.8.0 || ^17.0.0-rc.1 || ^18.0.0 || ^19.0.0-rc.1

  '@react-types/shared@3.30.0':
    resolution: {integrity: sha512-COIazDAx1ncDg046cTJ8SFYsX8aS3lB/08LDnbkH/SkdYrFPWDlXMrO/sUam8j1WWM+PJ+4d1mj7tODIKNiFog==}
    peerDependencies:
      react: ^16.8.0 || ^17.0.0-rc.1 || ^18.0.0 || ^19.0.0-rc.1

  '@swc/helpers@0.5.17':
    resolution: {integrity: sha512-5IKx/Y13RsYd+sauPb2x+U/xZikHjolzfuDgTAl/Tdf3Q8rslRvC19NKDLgAJQ6wsqADk10ntlv08nPFw/gO/A==}

  '@tanstack/react-virtual@3.13.10':
    resolution: {integrity: sha512-nvrzk4E9mWB4124YdJ7/yzwou7IfHxlSef6ugCFcBfRmsnsma3heciiiV97sBNxyc3VuwtZvmwXd0aB5BpucVw==}
    peerDependencies:
      react: ^16.8.0 || ^17.0.0 || ^18.0.0 || ^19.0.0
      react-dom: ^16.8.0 || ^17.0.0 || ^18.0.0 || ^19.0.0

  '@tanstack/virtual-core@3.13.10':
    resolution: {integrity: sha512-sPEDhXREou5HyZYqSWIqdU580rsF6FGeN7vpzijmP3KTiOGjOMZASz4Y6+QKjiFQwhWrR58OP8izYaNGVxvViA==}

  '@types/react-dom@19.1.6':
    resolution: {integrity: sha512-4hOiT/dwO8Ko0gV1m/TJZYk3y0KBnY9vzDh7W+DH17b2HFSOGgdj33dhihPeuy3l0q23+4e+hoXHV6hCC4dCXw==}
    peerDependencies:
      '@types/react': ^19.0.0

  '@types/react@19.1.8':
    resolution: {integrity: sha512-AwAfQ2Wa5bCx9WP8nZL2uMZWod7J7/JSplxbTmBQ5ms6QpqNYm672H0Vu9ZVKVngQ+ii4R/byguVEUZQyeg44g==}

  clsx@2.1.1:
    resolution: {integrity: sha512-eYm0QWBtUrBWZWG0d386OGAw16Z995PiOVo2B7bjWSbHedGl5e0ZWaq65kOGgUSNesEIDkB9ISbTg/JK9dhCZA==}
    engines: {node: '>=6'}

  csstype@3.1.3:
    resolution: {integrity: sha512-M1uQkMl8rQK/szD0LNhtqxIPLpimGm8sOBwU7lLnCpSbTyY3yeU1Vc7l4KT5zT4s/yOxHH5O7tIuuLOCnLADRw==}

  react-dom@19.1.0:
    resolution: {integrity: sha512-Xs1hdnE+DyKgeHJeJznQmYMIBG3TKIHJJT95Q58nHLSrElKlGQqDTR2HQ9fx5CN/Gk6Vh/kupBTDLU11/nDk/g==}
    peerDependencies:
      react: ^19.1.0

  react-icons@5.5.0:
    resolution: {integrity: sha512-MEFcXdkP3dLo8uumGI5xN3lDFNsRtrjbOEKDLD7yv76v4wpnEq2Lt2qeHaQOr34I/wPN3s3+N08WkQ+CW37Xiw==}
    peerDependencies:
      react: '*'

  react@19.1.0:
    resolution: {integrity: sha512-FS+XFBNvn3GTAWq26joslQgWNoFu08F4kl0J4CgdNKADkdSGXQyTCnKteIAJy96Br6YbpEU1LSzV5dYtjMkMDg==}
    engines: {node: '>=0.10.0'}

  scheduler@0.26.0:
    resolution: {integrity: sha512-NlHwttCI/l5gCPR3D1nNXtWABUmBwvZpEQiD4IXSbIDq8BzLIK/7Ir5gTFSGZDUu37K5cMNp0hFtzO38sC7gWA==}

  tabbable@6.2.0:
    resolution: {integrity: sha512-Cat63mxsVJlzYvN51JmVXIgNoUokrIaT2zLclCXjRd8boZ0004U4KCs/sToJ75C6sdlByWxpYnb5Boif1VSFew==}

  tslib@2.8.1:
    resolution: {integrity: sha512-oJFu94HQb+KVduSUQL7wnpmqnfmLsOA/nAh6b6EH0wCEoK0/mPeXU6c3wKDV83MkOuHPRHtSXKKU99IBazS/2w==}

  use-sync-external-store@1.5.0:
    resolution: {integrity: sha512-Rb46I4cGGVBmjamjphe8L/UnvJD+uPPtTkNvX5mZgqdbavhI4EbgIWJiIHXJ8bc/i9EQGPRh4DwEURJ552Do0A==}
    peerDependencies:
      react: ^16.8.0 || ^17.0.0 || ^18.0.0 || ^19.0.0

snapshots:

  '@floating-ui/core@1.7.1':
    dependencies:
      '@floating-ui/utils': 0.2.9

  '@floating-ui/dom@1.7.1':
    dependencies:
      '@floating-ui/core': 1.7.1
      '@floating-ui/utils': 0.2.9

  '@floating-ui/react-dom@2.1.3(react-dom@19.1.0(react@19.1.0))(react@19.1.0)':
    dependencies:
      '@floating-ui/dom': 1.7.1
      react: 19.1.0
      react-dom: 19.1.0(react@19.1.0)

  '@floating-ui/react@0.26.28(react-dom@19.1.0(react@19.1.0))(react@19.1.0)':
    dependencies:
      '@floating-ui/react-dom': 2.1.3(react-dom@19.1.0(react@19.1.0))(react@19.1.0)
      '@floating-ui/utils': 0.2.9
      react: 19.1.0
      react-dom: 19.1.0(react@19.1.0)
      tabbable: 6.2.0

  '@floating-ui/utils@0.2.9': {}

  '@headlessui/react@2.2.4(react-dom@19.1.0(react@19.1.0))(react@19.1.0)':
    dependencies:
      '@floating-ui/react': 0.26.28(react-dom@19.1.0(react@19.1.0))(react@19.1.0)
      '@react-aria/focus': 3.20.5(react-dom@19.1.0(react@19.1.0))(react@19.1.0)
      '@react-aria/interactions': 3.25.3(react-dom@19.1.0(react@19.1.0))(react@19.1.0)
      '@tanstack/react-virtual': 3.13.10(react-dom@19.1.0(react@19.1.0))(react@19.1.0)
      react: 19.1.0
      react-dom: 19.1.0(react@19.1.0)
      use-sync-external-store: 1.5.0(react@19.1.0)

  '@react-aria/focus@3.20.5(react-dom@19.1.0(react@19.1.0))(react@19.1.0)':
    dependencies:
      '@react-aria/interactions': 3.25.3(react-dom@19.1.0(react@19.1.0))(react@19.1.0)
      '@react-aria/utils': 3.29.1(react-dom@19.1.0(react@19.1.0))(react@19.1.0)
      '@react-types/shared': 3.30.0(react@19.1.0)
      '@swc/helpers': 0.5.17
      clsx: 2.1.1
      react: 19.1.0
      react-dom: 19.1.0(react@19.1.0)

  '@react-aria/interactions@3.25.3(react-dom@19.1.0(react@19.1.0))(react@19.1.0)':
    dependencies:
      '@react-aria/ssr': 3.9.9(react@19.1.0)
      '@react-aria/utils': 3.29.1(react-dom@19.1.0(react@19.1.0))(react@19.1.0)
      '@react-stately/flags': 3.1.2
      '@react-types/shared': 3.30.0(react@19.1.0)
      '@swc/helpers': 0.5.17
      react: 19.1.0
      react-dom: 19.1.0(react@19.1.0)

  '@react-aria/ssr@3.9.9(react@19.1.0)':
    dependencies:
      '@swc/helpers': 0.5.17
      react: 19.1.0

  '@react-aria/utils@3.29.1(react-dom@19.1.0(react@19.1.0))(react@19.1.0)':
    dependencies:
      '@react-aria/ssr': 3.9.9(react@19.1.0)
      '@react-stately/flags': 3.1.2
      '@react-stately/utils': 3.10.7(react@19.1.0)
      '@react-types/shared': 3.30.0(react@19.1.0)
      '@swc/helpers': 0.5.17
      clsx: 2.1.1
      react: 19.1.0
      react-dom: 19.1.0(react@19.1.0)

  '@react-stately/flags@3.1.2':
    dependencies:
      '@swc/helpers': 0.5.17

  '@react-stately/utils@3.10.7(react@19.1.0)':
    dependencies:
      '@swc/helpers': 0.5.17
      react: 19.1.0

  '@react-types/shared@3.30.0(react@19.1.0)':
    dependencies:
      react: 19.1.0

  '@swc/helpers@0.5.17':
    dependencies:
      tslib: 2.8.1

  '@tanstack/react-virtual@3.13.10(react-dom@19.1.0(react@19.1.0))(react@19.1.0)':
    dependencies:
      '@tanstack/virtual-core': 3.13.10
      react: 19.1.0
      react-dom: 19.1.0(react@19.1.0)

  '@tanstack/virtual-core@3.13.10': {}

  '@types/react-dom@19.1.6(@types/react@19.1.8)':
    dependencies:
      '@types/react': 19.1.8

  '@types/react@19.1.8':
    dependencies:
      csstype: 3.1.3

  clsx@2.1.1: {}

  csstype@3.1.3: {}

  react-dom@19.1.0(react@19.1.0):
    dependencies:
      react: 19.1.0
      scheduler: 0.26.0

  react-icons@5.5.0(react@19.1.0):
    dependencies:
      react: 19.1.0

  react@19.1.0: {}

  scheduler@0.26.0: {}

  tabbable@6.2.0: {}

  tslib@2.8.1: {}

  use-sync-external-store@1.5.0(react@19.1.0):
    dependencies:
      react: 19.1.0
